
Microsoft Visual Studio Solution File, Format Version 12.00
# Visual Studio Version 16
VisualStudioVersion = 16.0.30717.126
MinimumVisualStudioVersion = 10.0.40219.1
Project("{6EC3EE1D-3C4E-46DD-8F32-0CC8E7565705}") = "01", "01\01.fsproj", "{E912D43A-2E10-49DD-91CE-C894A1C0275B}"
EndProject
Project("{6EC3EE1D-3C4E-46DD-8F32-0CC8E7565705}") = "02", "02\02.fsproj", "{2A60D1A1-63B7-4AAA-BE8F-AE8B616702FA}"
EndProject
Project("{6EC3EE1D-3C4E-46DD-8F32-0CC8E7565705}") = "03", "03\03.fsproj", "{935BD07D-9BA2-40F3-BA4B-F1A8238010CB}"
EndProject
Project("{6EC3EE1D-3C4E-46DD-8F32-0CC8E7565705}") = "04", "04\04.fsproj", "{F114AFF0-4265-466D-AA30-A78F06CB12FF}"
EndProject
Project("{6EC3EE1D-3C4E-46DD-8F32-0CC8E7565705}") = "05", "05\05.fsproj", "{B7C58381-4520-4917-8FB4-C97F6B7D1387}"
EndProject
Project("{6EC3EE1D-3C4E-46DD-8F32-0CC8E7565705}") = "06", "06\06.fsproj", "{2469E941-45C3-4AE6-810A-1D45BCC5D160}"
EndProject
Project("{6EC3EE1D-3C4E-46DD-8F32-0CC8E7565705}") = "07", "07\07.fsproj", "{A0848A55-4C99-4C72-90F4-36B169007012}"
EndProject
Project("{6EC3EE1D-3C4E-46DD-8F32-0CC8E7565705}") = "08", "08\08.fsproj", "{18D59813-7490-4890-A1A1-21C5F5CB30FB}"
EndProject
Project("{6EC3EE1D-3C4E-46DD-8F32-0CC8E7565705}") = "09", "09\09.fsproj", "{DE361DEA-2918-4DDB-A128-7892C6B08079}"
EndProject
Project("{6EC3EE1D-3C4E-46DD-8F32-0CC8E7565705}") = "10", "10\10.fsproj", "{A3BED5BB-22E8-4B20-A068-2AE98F1DA2BB}"
EndProject
Project("{6EC3EE1D-3C4E-46DD-8F32-0CC8E7565705}") = "11", "11\11.fsproj", "{848BCE87-866D-44C2-AAB5-54685C72C494}"
EndProject
Project("{6EC3EE1D-3C4E-46DD-8F32-0CC8E7565705}") = "12", "12\12.fsproj", "{3BBC52B2-C884-43BF-84DB-7BC7B93F41AB}"
EndProject
Project("{6EC3EE1D-3C4E-46DD-8F32-0CC8E7565705}") = "13", "13\13.fsproj", "{BD4F9717-FCE0-4F59-ABAC-A8D4755C48EE}"
EndProject
Project("{6EC3EE1D-3C4E-46DD-8F32-0CC8E7565705}") = "14", "14\14.fsproj", "{81A60729-67DF-45CC-A2D2-B98F733B55FB}"
EndProject
Project("{6EC3EE1D-3C4E-46DD-8F32-0CC8E7565705}") = "15", "15\15.fsproj", "{761E5369-65D5-498B-BCE4-FCCBF14CE1A0}"
EndProject
Project("{6EC3EE1D-3C4E-46DD-8F32-0CC8E7565705}") = "16", "16\16.fsproj", "{26E31896-C9C9-4982-A4BD-254668C44D18}"
EndProject
Project("{6EC3EE1D-3C4E-46DD-8F32-0CC8E7565705}") = "17", "17\17.fsproj", "{C0240B2E-C852-4D27-BF31-372E217BAC64}"
EndProject
Project("{6EC3EE1D-3C4E-46DD-8F32-0CC8E7565705}") = "18", "18\18.fsproj", "{85D318AA-678C-4B9E-BF5F-7D544318BB76}"
EndProject
Project("{6EC3EE1D-3C4E-46DD-8F32-0CC8E7565705}") = "19", "19\19.fsproj", "{BB12755A-B8D7-4FBE-BE6E-61F2B6C144DA}"
EndProject
Project("{6EC3EE1D-3C4E-46DD-8F32-0CC8E7565705}") = "20", "20\20.fsproj", "{E264490D-C8B8-4CAE-A6D1-110A8A441BFE}"
EndProject
Project("{6EC3EE1D-3C4E-46DD-8F32-0CC8E7565705}") = "21", "21\21.fsproj", "{66A3E82C-5C72-44E5-B409-946E02921784}"
EndProject
Global
	GlobalSection(SolutionConfigurationPlatforms) = preSolution
		Debug|Any CPU = Debug|Any CPU
		Release|Any CPU = Release|Any CPU
	EndGlobalSection
	GlobalSection(ProjectConfigurationPlatforms) = postSolution
		{E912D43A-2E10-49DD-91CE-C894A1C0275B}.Debug|Any CPU.ActiveCfg = Debug|Any CPU
		{E912D43A-2E10-49DD-91CE-C894A1C0275B}.Debug|Any CPU.Build.0 = Debug|Any CPU
		{E912D43A-2E10-49DD-91CE-C894A1C0275B}.Release|Any CPU.ActiveCfg = Release|Any CPU
		{E912D43A-2E10-49DD-91CE-C894A1C0275B}.Release|Any CPU.Build.0 = Release|Any CPU
		{2A60D1A1-63B7-4AAA-BE8F-AE8B616702FA}.Debug|Any CPU.ActiveCfg = Debug|Any CPU
		{2A60D1A1-63B7-4AAA-BE8F-AE8B616702FA}.Debug|Any CPU.Build.0 = Debug|Any CPU
		{2A60D1A1-63B7-4AAA-BE8F-AE8B616702FA}.Release|Any CPU.ActiveCfg = Release|Any CPU
		{2A60D1A1-63B7-4AAA-BE8F-AE8B616702FA}.Release|Any CPU.Build.0 = Release|Any CPU
		{935BD07D-9BA2-40F3-BA4B-F1A8238010CB}.Debug|Any CPU.ActiveCfg = Debug|Any CPU
		{935BD07D-9BA2-40F3-BA4B-F1A8238010CB}.Debug|Any CPU.Build.0 = Debug|Any CPU
		{935BD07D-9BA2-40F3-BA4B-F1A8238010CB}.Release|Any CPU.ActiveCfg = Release|Any CPU
		{935BD07D-9BA2-40F3-BA4B-F1A8238010CB}.Release|Any CPU.Build.0 = Release|Any CPU
		{F114AFF0-4265-466D-AA30-A78F06CB12FF}.Debug|Any CPU.ActiveCfg = Debug|Any CPU
		{F114AFF0-4265-466D-AA30-A78F06CB12FF}.Debug|Any CPU.Build.0 = Debug|Any CPU
		{F114AFF0-4265-466D-AA30-A78F06CB12FF}.Release|Any CPU.ActiveCfg = Release|Any CPU
		{F114AFF0-4265-466D-AA30-A78F06CB12FF}.Release|Any CPU.Build.0 = Release|Any CPU
		{B7C58381-4520-4917-8FB4-C97F6B7D1387}.Debug|Any CPU.ActiveCfg = Debug|Any CPU
		{B7C58381-4520-4917-8FB4-C97F6B7D1387}.Debug|Any CPU.Build.0 = Debug|Any CPU
		{B7C58381-4520-4917-8FB4-C97F6B7D1387}.Release|Any CPU.ActiveCfg = Release|Any CPU
		{B7C58381-4520-4917-8FB4-C97F6B7D1387}.Release|Any CPU.Build.0 = Release|Any CPU
		{2469E941-45C3-4AE6-810A-1D45BCC5D160}.Debug|Any CPU.ActiveCfg = Debug|Any CPU
		{2469E941-45C3-4AE6-810A-1D45BCC5D160}.Debug|Any CPU.Build.0 = Debug|Any CPU
		{2469E941-45C3-4AE6-810A-1D45BCC5D160}.Release|Any CPU.ActiveCfg = Release|Any CPU
		{2469E941-45C3-4AE6-810A-1D45BCC5D160}.Release|Any CPU.Build.0 = Release|Any CPU
		{A0848A55-4C99-4C72-90F4-36B169007012}.Debug|Any CPU.ActiveCfg = Debug|Any CPU
		{A0848A55-4C99-4C72-90F4-36B169007012}.Debug|Any CPU.Build.0 = Debug|Any CPU
		{A0848A55-4C99-4C72-90F4-36B169007012}.Release|Any CPU.ActiveCfg = Release|Any CPU
		{A0848A55-4C99-4C72-90F4-36B169007012}.Release|Any CPU.Build.0 = Release|Any CPU
		{18D59813-7490-4890-A1A1-21C5F5CB30FB}.Debug|Any CPU.ActiveCfg = Debug|Any CPU
		{18D59813-7490-4890-A1A1-21C5F5CB30FB}.Debug|Any CPU.Build.0 = Debug|Any CPU
		{18D59813-7490-4890-A1A1-21C5F5CB30FB}.Release|Any CPU.ActiveCfg = Release|Any CPU
		{18D59813-7490-4890-A1A1-21C5F5CB30FB}.Release|Any CPU.Build.0 = Release|Any CPU
		{DE361DEA-2918-4DDB-A128-7892C6B08079}.Debug|Any CPU.ActiveCfg = Debug|Any CPU
		{DE361DEA-2918-4DDB-A128-7892C6B08079}.Debug|Any CPU.Build.0 = Debug|Any CPU
		{DE361DEA-2918-4DDB-A128-7892C6B08079}.Release|Any CPU.ActiveCfg = Release|Any CPU
		{DE361DEA-2918-4DDB-A128-7892C6B08079}.Release|Any CPU.Build.0 = Release|Any CPU
		{A3BED5BB-22E8-4B20-A068-2AE98F1DA2BB}.Debug|Any CPU.ActiveCfg = Debug|Any CPU
		{A3BED5BB-22E8-4B20-A068-2AE98F1DA2BB}.Debug|Any CPU.Build.0 = Debug|Any CPU
		{A3BED5BB-22E8-4B20-A068-2AE98F1DA2BB}.Release|Any CPU.ActiveCfg = Release|Any CPU
		{A3BED5BB-22E8-4B20-A068-2AE98F1DA2BB}.Release|Any CPU.Build.0 = Release|Any CPU
		{848BCE87-866D-44C2-AAB5-54685C72C494}.Debug|Any CPU.ActiveCfg = Debug|Any CPU
		{848BCE87-866D-44C2-AAB5-54685C72C494}.Debug|Any CPU.Build.0 = Debug|Any CPU
		{848BCE87-866D-44C2-AAB5-54685C72C494}.Release|Any CPU.ActiveCfg = Release|Any CPU
		{848BCE87-866D-44C2-AAB5-54685C72C494}.Release|Any CPU.Build.0 = Release|Any CPU
		{3BBC52B2-C884-43BF-84DB-7BC7B93F41AB}.Debug|Any CPU.ActiveCfg = Debug|Any CPU
		{3BBC52B2-C884-43BF-84DB-7BC7B93F41AB}.Debug|Any CPU.Build.0 = Debug|Any CPU
		{3BBC52B2-C884-43BF-84DB-7BC7B93F41AB}.Release|Any CPU.ActiveCfg = Release|Any CPU
		{3BBC52B2-C884-43BF-84DB-7BC7B93F41AB}.Release|Any CPU.Build.0 = Release|Any CPU
		{BD4F9717-FCE0-4F59-ABAC-A8D4755C48EE}.Debug|Any CPU.ActiveCfg = Debug|Any CPU
		{BD4F9717-FCE0-4F59-ABAC-A8D4755C48EE}.Debug|Any CPU.Build.0 = Debug|Any CPU
		{BD4F9717-FCE0-4F59-ABAC-A8D4755C48EE}.Release|Any CPU.ActiveCfg = Release|Any CPU
		{BD4F9717-FCE0-4F59-ABAC-A8D4755C48EE}.Release|Any CPU.Build.0 = Release|Any CPU
		{81A60729-67DF-45CC-A2D2-B98F733B55FB}.Debug|Any CPU.ActiveCfg = Debug|Any CPU
		{81A60729-67DF-45CC-A2D2-B98F733B55FB}.Debug|Any CPU.Build.0 = Debug|Any CPU
		{81A60729-67DF-45CC-A2D2-B98F733B55FB}.Release|Any CPU.ActiveCfg = Release|Any CPU
		{81A60729-67DF-45CC-A2D2-B98F733B55FB}.Release|Any CPU.Build.0 = Release|Any CPU
		{761E5369-65D5-498B-BCE4-FCCBF14CE1A0}.Debug|Any CPU.ActiveCfg = Debug|Any CPU
		{761E5369-65D5-498B-BCE4-FCCBF14CE1A0}.Debug|Any CPU.Build.0 = Debug|Any CPU
		{761E5369-65D5-498B-BCE4-FCCBF14CE1A0}.Release|Any CPU.ActiveCfg = Release|Any CPU
		{761E5369-65D5-498B-BCE4-FCCBF14CE1A0}.Release|Any CPU.Build.0 = Release|Any CPU
		{26E31896-C9C9-4982-A4BD-254668C44D18}.Debug|Any CPU.ActiveCfg = Debug|Any CPU
		{26E31896-C9C9-4982-A4BD-254668C44D18}.Debug|Any CPU.Build.0 = Debug|Any CPU
		{26E31896-C9C9-4982-A4BD-254668C44D18}.Release|Any CPU.ActiveCfg = Release|Any CPU
		{26E31896-C9C9-4982-A4BD-254668C44D18}.Release|Any CPU.Build.0 = Release|Any CPU
		{C0240B2E-C852-4D27-BF31-372E217BAC64}.Debug|Any CPU.ActiveCfg = Debug|Any CPU
		{C0240B2E-C852-4D27-BF31-372E217BAC64}.Debug|Any CPU.Build.0 = Debug|Any CPU
		{C0240B2E-C852-4D27-BF31-372E217BAC64}.Release|Any CPU.ActiveCfg = Release|Any CPU
		{C0240B2E-C852-4D27-BF31-372E217BAC64}.Release|Any CPU.Build.0 = Release|Any CPU
		{85D318AA-678C-4B9E-BF5F-7D544318BB76}.Debug|Any CPU.ActiveCfg = Debug|Any CPU
		{85D318AA-678C-4B9E-BF5F-7D544318BB76}.Debug|Any CPU.Build.0 = Debug|Any CPU
		{85D318AA-678C-4B9E-BF5F-7D544318BB76}.Release|Any CPU.ActiveCfg = Release|Any CPU
		{85D318AA-678C-4B9E-BF5F-7D544318BB76}.Release|Any CPU.Build.0 = Release|Any CPU
		{BB12755A-B8D7-4FBE-BE6E-61F2B6C144DA}.Debug|Any CPU.ActiveCfg = Debug|Any CPU
		{BB12755A-B8D7-4FBE-BE6E-61F2B6C144DA}.Debug|Any CPU.Build.0 = Debug|Any CPU
		{BB12755A-B8D7-4FBE-BE6E-61F2B6C144DA}.Release|Any CPU.ActiveCfg = Release|Any CPU
		{BB12755A-B8D7-4FBE-BE6E-61F2B6C144DA}.Release|Any CPU.Build.0 = Release|Any CPU
		{E264490D-C8B8-4CAE-A6D1-110A8A441BFE}.Debug|Any CPU.ActiveCfg = Debug|Any CPU
		{E264490D-C8B8-4CAE-A6D1-110A8A441BFE}.Debug|Any CPU.Build.0 = Debug|Any CPU
		{E264490D-C8B8-4CAE-A6D1-110A8A441BFE}.Release|Any CPU.ActiveCfg = Release|Any CPU
		{E264490D-C8B8-4CAE-A6D1-110A8A441BFE}.Release|Any CPU.Build.0 = Release|Any CPU
		{66A3E82C-5C72-44E5-B409-946E02921784}.Debug|Any CPU.ActiveCfg = Debug|Any CPU
		{66A3E82C-5C72-44E5-B409-946E02921784}.Debug|Any CPU.Build.0 = Debug|Any CPU
		{66A3E82C-5C72-44E5-B409-946E02921784}.Release|Any CPU.ActiveCfg = Release|Any CPU
		{66A3E82C-5C72-44E5-B409-946E02921784}.Release|Any CPU.Build.0 = Release|Any CPU
	EndGlobalSection
	GlobalSection(SolutionProperties) = preSolution
		HideSolutionNode = FALSE
	EndGlobalSection
	GlobalSection(ExtensibilityGlobals) = postSolution
		SolutionGuid = {5C7FFE2F-5EAD-4284-9D36-5E7F8F5FC48D}
	EndGlobalSection
EndGlobal
